
Microsoft Visual Studio Solution File, Format Version 12.00
# Visual Studio 15
VisualStudioVersion = 15.0.28307.421
MinimumVisualStudioVersion = 10.0.40219.1
Project("{FAE04EC0-301F-11D3-BF4B-00C04F79EFBC}") = "ToDo.Domain", "ToDo.Domain\ToDo.Domain.csproj", "{76AD8BBD-8B28-49BE-8214-7A9189F9E575}"
EndProject
Project("{FAE04EC0-301F-11D3-BF4B-00C04F79EFBC}") = "ToDo.UnitTest", "ToDo.UnitTest\ToDo.UnitTest.csproj", "{FE2ACA75-8E63-4D4D-9932-E297F337D816}"
EndProject
Project("{FAE04EC0-301F-11D3-BF4B-00C04F79EFBC}") = "ToDo.WebUI", "ToDo.WebUI\ToDo.WebUI.csproj", "{2D9F8C68-2D8E-4F0A-BF14-6572981302AA}"
EndProject
Global
	GlobalSection(SolutionConfigurationPlatforms) = preSolution
		Debug|Any CPU = Debug|Any CPU
		Release|Any CPU = Release|Any CPU
	EndGlobalSection
	GlobalSection(ProjectConfigurationPlatforms) = postSolution
		{76AD8BBD-8B28-49BE-8214-7A9189F9E575}.Debug|Any CPU.ActiveCfg = Debug|Any CPU
		{76AD8BBD-8B28-49BE-8214-7A9189F9E575}.Debug|Any CPU.Build.0 = Debug|Any CPU
		{76AD8BBD-8B28-49BE-8214-7A9189F9E575}.Release|Any CPU.ActiveCfg = Release|Any CPU
		{76AD8BBD-8B28-49BE-8214-7A9189F9E575}.Release|Any CPU.Build.0 = Release|Any CPU
		{FE2ACA75-8E63-4D4D-9932-E297F337D816}.Debug|Any CPU.ActiveCfg = Debug|Any CPU
		{FE2ACA75-8E63-4D4D-9932-E297F337D816}.Debug|Any CPU.Build.0 = Debug|Any CPU
		{FE2ACA75-8E63-4D4D-9932-E297F337D816}.Release|Any CPU.ActiveCfg = Release|Any CPU
		{FE2ACA75-8E63-4D4D-9932-E297F337D816}.Release|Any CPU.Build.0 = Release|Any CPU
		{2D9F8C68-2D8E-4F0A-BF14-6572981302AA}.Debug|Any CPU.ActiveCfg = Debug|Any CPU
		{2D9F8C68-2D8E-4F0A-BF14-6572981302AA}.Debug|Any CPU.Build.0 = Debug|Any CPU
		{2D9F8C68-2D8E-4F0A-BF14-6572981302AA}.Release|Any CPU.ActiveCfg = Release|Any CPU
		{2D9F8C68-2D8E-4F0A-BF14-6572981302AA}.Release|Any CPU.Build.0 = Release|Any CPU
	EndGlobalSection
	GlobalSection(SolutionProperties) = preSolution
		HideSolutionNode = FALSE
	EndGlobalSection
	GlobalSection(ExtensibilityGlobals) = postSolution
		SolutionGuid = {4A3A21B4-B2CA-4E42-95F9-89BF0C19A70C}
	EndGlobalSection
EndGlobal
